
Microsoft Visual Studio Solution File, Format Version 12.00
# Visual Studio Version 16
VisualStudioVersion = 16.0.29806.167
MinimumVisualStudioVersion = 10.0.40219.1
Project("{FAE04EC0-301F-11D3-BF4B-00C04F79EFBC}") = "Lab_10_1_ADS", "Lab_10_1_ADS\Lab_10_1_ADS.csproj", "{F6BD05F9-D4C1-4272-A08B-459526926625}"
EndProject
Global
	GlobalSection(SolutionConfigurationPlatforms) = preSolution
		Debug|Any CPU = Debug|Any CPU
		Release|Any CPU = Release|Any CPU
	EndGlobalSection
	GlobalSection(ProjectConfigurationPlatforms) = postSolution
		{F6BD05F9-D4C1-4272-A08B-459526926625}.Debug|Any CPU.ActiveCfg = Debug|Any CPU
		{F6BD05F9-D4C1-4272-A08B-459526926625}.Debug|Any CPU.Build.0 = Debug|Any CPU
		{F6BD05F9-D4C1-4272-A08B-459526926625}.Release|Any CPU.ActiveCfg = Release|Any CPU
		{F6BD05F9-D4C1-4272-A08B-459526926625}.Release|Any CPU.Build.0 = Release|Any CPU
	EndGlobalSection
	GlobalSection(SolutionProperties) = preSolution
		HideSolutionNode = FALSE
	EndGlobalSection
	GlobalSection(ExtensibilityGlobals) = postSolution
		SolutionGuid = {FCE275CA-52CF-40FB-B8C4-A2C9EA3ECD04}
	EndGlobalSection
EndGlobal
